
Microsoft Visual Studio Solution File, Format Version 12.00
Project("{FAE04EC0-301F-11D3-BF4B-00C04F79EFBC}") = "Task_3", "Task_3\Task_3.csproj", "{AA36FFF6-4339-4B80-A8AF-85C6AB8B2F47}"
EndProject
Global
	GlobalSection(SolutionConfigurationPlatforms) = preSolution
		Debug|Any CPU = Debug|Any CPU
		Release|Any CPU = Release|Any CPU
	EndGlobalSection
	GlobalSection(ProjectConfigurationPlatforms) = postSolution
		{AA36FFF6-4339-4B80-A8AF-85C6AB8B2F47}.Debug|Any CPU.ActiveCfg = Debug|Any CPU
		{AA36FFF6-4339-4B80-A8AF-85C6AB8B2F47}.Debug|Any CPU.Build.0 = Debug|Any CPU
		{AA36FFF6-4339-4B80-A8AF-85C6AB8B2F47}.Release|Any CPU.ActiveCfg = Release|Any CPU
		{AA36FFF6-4339-4B80-A8AF-85C6AB8B2F47}.Release|Any CPU.Build.0 = Release|Any CPU
	EndGlobalSection
EndGlobal
